
Microsoft Visual Studio Solution File, Format Version 12.00
# Visual Studio 15
VisualStudioVersion = 15.0.28307.271
MinimumVisualStudioVersion = 10.0.40219.1
Project("{FAE04EC0-301F-11D3-BF4B-00C04F79EFBC}") = "threadtest", "threadtest\threadtest.csproj", "{DEDFBC0C-D31A-49FE-898E-0C8D1B9E85D5}"
EndProject
Global
	GlobalSection(SolutionConfigurationPlatforms) = preSolution
		Debug|Any CPU = Debug|Any CPU
		Release|Any CPU = Release|Any CPU
	EndGlobalSection
	GlobalSection(ProjectConfigurationPlatforms) = postSolution
		{DEDFBC0C-D31A-49FE-898E-0C8D1B9E85D5}.Debug|Any CPU.ActiveCfg = Debug|Any CPU
		{DEDFBC0C-D31A-49FE-898E-0C8D1B9E85D5}.Debug|Any CPU.Build.0 = Debug|Any CPU
		{DEDFBC0C-D31A-49FE-898E-0C8D1B9E85D5}.Release|Any CPU.ActiveCfg = Release|Any CPU
		{DEDFBC0C-D31A-49FE-898E-0C8D1B9E85D5}.Release|Any CPU.Build.0 = Release|Any CPU
	EndGlobalSection
	GlobalSection(SolutionProperties) = preSolution
		HideSolutionNode = FALSE
	EndGlobalSection
	GlobalSection(ExtensibilityGlobals) = postSolution
		SolutionGuid = {7A52EF98-C2DB-44A4-A7A6-788B831F78C1}
	EndGlobalSection
EndGlobal
